
Microsoft Visual Studio Solution File, Format Version 12.00
# Visual Studio Version 17
VisualStudioVersion = 17.0.32014.148
MinimumVisualStudioVersion = 10.0.40219.1
Project("{9A19103F-16F7-4668-BE54-9A1E7A4F7556}") = "OrderProcessing", "..\OrderProcessing\OrderProcessing.csproj", "{67AC8274-D7E0-4055-9E11-E65F9EB846B7}"
EndProject
Project("{9A19103F-16F7-4668-BE54-9A1E7A4F7556}") = "OrderProcessing.Customer", "..\OrderProcessing.Customer\OrderProcessing.Customer.csproj", "{75338A88-5458-4405-9C82-00142A6F9B43}"
EndProject
Project("{9A19103F-16F7-4668-BE54-9A1E7A4F7556}") = "OrderProcessing.Product", "..\OrderProcessing.Product\OrderProcessing.Product.csproj", "{2E65EC26-3FC4-4C06-B692-A6262BEF35EA}"
EndProject
Global
	GlobalSection(SolutionConfigurationPlatforms) = preSolution
		Debug|Any CPU = Debug|Any CPU
		Release|Any CPU = Release|Any CPU
	EndGlobalSection
	GlobalSection(ProjectConfigurationPlatforms) = postSolution
		{67AC8274-D7E0-4055-9E11-E65F9EB846B7}.Debug|Any CPU.ActiveCfg = Debug|Any CPU
		{67AC8274-D7E0-4055-9E11-E65F9EB846B7}.Debug|Any CPU.Build.0 = Debug|Any CPU
		{67AC8274-D7E0-4055-9E11-E65F9EB846B7}.Release|Any CPU.ActiveCfg = Release|Any CPU
		{67AC8274-D7E0-4055-9E11-E65F9EB846B7}.Release|Any CPU.Build.0 = Release|Any CPU
		{75338A88-5458-4405-9C82-00142A6F9B43}.Debug|Any CPU.ActiveCfg = Debug|Any CPU
		{75338A88-5458-4405-9C82-00142A6F9B43}.Debug|Any CPU.Build.0 = Debug|Any CPU
		{75338A88-5458-4405-9C82-00142A6F9B43}.Release|Any CPU.ActiveCfg = Release|Any CPU
		{75338A88-5458-4405-9C82-00142A6F9B43}.Release|Any CPU.Build.0 = Release|Any CPU
		{2E65EC26-3FC4-4C06-B692-A6262BEF35EA}.Debug|Any CPU.ActiveCfg = Debug|Any CPU
		{2E65EC26-3FC4-4C06-B692-A6262BEF35EA}.Debug|Any CPU.Build.0 = Debug|Any CPU
		{2E65EC26-3FC4-4C06-B692-A6262BEF35EA}.Release|Any CPU.ActiveCfg = Release|Any CPU
		{2E65EC26-3FC4-4C06-B692-A6262BEF35EA}.Release|Any CPU.Build.0 = Release|Any CPU
	EndGlobalSection
	GlobalSection(SolutionProperties) = preSolution
		HideSolutionNode = FALSE
	EndGlobalSection
	GlobalSection(ExtensibilityGlobals) = postSolution
		SolutionGuid = {3C2E4AFA-20CF-4457-86B3-84963EF1B0A3}
	EndGlobalSection
EndGlobal
